
Microsoft Visual Studio Solution File, Format Version 12.00
# Visual Studio Version 17
VisualStudioVersion = 17.3.32901.215
MinimumVisualStudioVersion = 10.0.40219.1
Project("{9A19103F-16F7-4668-BE54-9A1E7A4F7556}") = "PracticaExamen1234", "PracticaExamen\PracticaExamen1234.csproj", "{A7E224AA-5199-4127-9B44-14D05CF9B324}"
EndProject
Project("{9A19103F-16F7-4668-BE54-9A1E7A4F7556}") = "Ejercicio5y6", "Ejercicio5y6\Ejercicio5y6.csproj", "{2517662B-E0E6-4D88-AD88-CA25DD511F2A}"
EndProject
Project("{9A19103F-16F7-4668-BE54-9A1E7A4F7556}") = "Ejercicio7y8", "Ejercicio7y8\Ejercicio7y8.csproj", "{02AA569D-0AF0-4B20-9FB8-0D98829CB205}"
EndProject
Project("{9A19103F-16F7-4668-BE54-9A1E7A4F7556}") = "Ejercicio9y10", "Ejercicio9y10\Ejercicio9y10.csproj", "{E428C589-5752-446D-BB65-063E0A584C44}"
EndProject
Project("{9A19103F-16F7-4668-BE54-9A1E7A4F7556}") = "Ejercicio11y12", "Ejercicio11y12\Ejercicio11y12.csproj", "{A618F026-1DBD-4408-BCAB-6CA7C1FF6F5B}"
EndProject
Project("{9A19103F-16F7-4668-BE54-9A1E7A4F7556}") = "Ejercicio13y14", "Ejercicio13y14\Ejercicio13y14.csproj", "{050B4249-7C36-4A54-BB66-F5193C3A4BE1}"
EndProject
Project("{9A19103F-16F7-4668-BE54-9A1E7A4F7556}") = "Ejercicio15", "Ejercicio15\Ejercicio15.csproj", "{2DFE72BF-1601-439B-B341-70EE8D139DAD}"
EndProject
Project("{9A19103F-16F7-4668-BE54-9A1E7A4F7556}") = "Ejercicio16", "Ejercicio16\Ejercicio16.csproj", "{9BE3D464-CE40-44BB-9BED-30AF8DA4FC8C}"
EndProject
Project("{9A19103F-16F7-4668-BE54-9A1E7A4F7556}") = "Ejercicio17", "Ejercicio17\Ejercicio17.csproj", "{2F0E9CC7-61F7-46FF-99C0-230FAA5E449E}"
EndProject
Project("{9A19103F-16F7-4668-BE54-9A1E7A4F7556}") = "Ejercicio18", "Ejercicio18\Ejercicio18.csproj", "{9B511AF4-DA2D-4735-8D18-4FDDAC5C6C14}"
EndProject
Project("{9A19103F-16F7-4668-BE54-9A1E7A4F7556}") = "Ejercicio19", "Ejercicio19\Ejercicio19.csproj", "{B8B53C79-4DBD-4DCD-BE15-20E6EE9B33A3}"
EndProject
Project("{9A19103F-16F7-4668-BE54-9A1E7A4F7556}") = "Ejercicio20", "Ejercicio20\Ejercicio20.csproj", "{819C8978-5BF0-4EB1-BC1E-2F2FF64567A8}"
EndProject
Project("{9A19103F-16F7-4668-BE54-9A1E7A4F7556}") = "Ejercicio21", "Ejercicio21\Ejercicio21.csproj", "{4D763EAA-0273-4431-9A5A-9875A9439734}"
EndProject
Project("{9A19103F-16F7-4668-BE54-9A1E7A4F7556}") = "Ejercicio22", "Ejercicio22\Ejercicio22.csproj", "{D906EDC4-AC72-4418-BD90-6605E6CBD418}"
EndProject
Project("{9A19103F-16F7-4668-BE54-9A1E7A4F7556}") = "Ejercicio23", "Ejercicio23\Ejercicio23.csproj", "{6B6A1EB2-A70B-4262-8F04-10950B818D46}"
EndProject
Project("{9A19103F-16F7-4668-BE54-9A1E7A4F7556}") = "Ejercicio24", "Ejercicio24\Ejercicio24.csproj", "{87438359-F774-44CE-A07B-27CB018459D4}"
EndProject
Project("{9A19103F-16F7-4668-BE54-9A1E7A4F7556}") = "Ejercicio25", "Ejercicio25\Ejercicio25.csproj", "{6DACB28F-3D85-490C-9178-7D4F7E0AAC17}"
EndProject
Project("{9A19103F-16F7-4668-BE54-9A1E7A4F7556}") = "Ejercicio26", "Ejercicio26\Ejercicio26.csproj", "{F76F8147-357A-41F3-BDE9-7A028DD8ED8E}"
EndProject
Project("{9A19103F-16F7-4668-BE54-9A1E7A4F7556}") = "Ejercicio27", "Ejercicio27\Ejercicio27.csproj", "{3FD35006-15B0-4922-A149-047E07DDA7FA}"
EndProject
Project("{9A19103F-16F7-4668-BE54-9A1E7A4F7556}") = "Ejercicio28", "Ejercicio28\Ejercicio28.csproj", "{18C5F065-C876-4991-AF5A-77DFE44F94E1}"
EndProject
Project("{9A19103F-16F7-4668-BE54-9A1E7A4F7556}") = "Ejercicio31", "Ejercicio31\Ejercicio31.csproj", "{51B6C4A1-FBD3-4BD4-8AD5-3AAAC6D8498E}"
EndProject
Project("{FAE04EC0-301F-11D3-BF4B-00C04F79EFBC}") = "Ejercicio29", "Ejercicio29\Ejercicio29.csproj", "{753D93B9-5FD5-468F-9665-44EE6B0081DD}"
EndProject
Project("{FAE04EC0-301F-11D3-BF4B-00C04F79EFBC}") = "Ejercicio30", "Ejercicio30\Ejercicio30.csproj", "{24EC58D8-7B17-4C64-A319-2E60A128DC5C}"
EndProject
Project("{FAE04EC0-301F-11D3-BF4B-00C04F79EFBC}") = "Ejercicio33", "Ejercicio33\Ejercicio33.csproj", "{753C3597-9163-43D0-8A49-CB3C647B456F}"
EndProject
Project("{FAE04EC0-301F-11D3-BF4B-00C04F79EFBC}") = "Ejercicio34", "Ejercicio34\Ejercicio34.csproj", "{84296A98-C9D8-4252-964A-F228435266D7}"
EndProject
Project("{FAE04EC0-301F-11D3-BF4B-00C04F79EFBC}") = "Ejercicio35", "Ejercicio35\Ejercicio35.csproj", "{1B03B5A7-B602-421F-986B-098B9D839A76}"
EndProject
Project("{FAE04EC0-301F-11D3-BF4B-00C04F79EFBC}") = "Ejercicio36", "Ejercicio36\Ejercicio36.csproj", "{94A9FAB3-D476-45F7-833A-0B61355E20EA}"
EndProject
Project("{FAE04EC0-301F-11D3-BF4B-00C04F79EFBC}") = "Ejercicio37", "Ejercicio37\Ejercicio37.csproj", "{A723BA99-590B-4218-AFA6-24F5B9FF734D}"
EndProject
Project("{FAE04EC0-301F-11D3-BF4B-00C04F79EFBC}") = "Ejercicio38", "Ejercicio38\Ejercicio38.csproj", "{4920CA7D-A767-4E89-9628-98BB669A2FA0}"
EndProject
Project("{FAE04EC0-301F-11D3-BF4B-00C04F79EFBC}") = "Ejercicio32", "Ejercicio32\Ejercicio32.csproj", "{6E063EC3-1463-4FA3-B7BD-EBE0C5AAB0A5}"
EndProject
Global
	GlobalSection(SolutionConfigurationPlatforms) = preSolution
		Debug|Any CPU = Debug|Any CPU
		Release|Any CPU = Release|Any CPU
	EndGlobalSection
	GlobalSection(ProjectConfigurationPlatforms) = postSolution
		{A7E224AA-5199-4127-9B44-14D05CF9B324}.Debug|Any CPU.ActiveCfg = Debug|Any CPU
		{A7E224AA-5199-4127-9B44-14D05CF9B324}.Debug|Any CPU.Build.0 = Debug|Any CPU
		{A7E224AA-5199-4127-9B44-14D05CF9B324}.Release|Any CPU.ActiveCfg = Release|Any CPU
		{A7E224AA-5199-4127-9B44-14D05CF9B324}.Release|Any CPU.Build.0 = Release|Any CPU
		{2517662B-E0E6-4D88-AD88-CA25DD511F2A}.Debug|Any CPU.ActiveCfg = Debug|Any CPU
		{2517662B-E0E6-4D88-AD88-CA25DD511F2A}.Debug|Any CPU.Build.0 = Debug|Any CPU
		{2517662B-E0E6-4D88-AD88-CA25DD511F2A}.Release|Any CPU.ActiveCfg = Release|Any CPU
		{2517662B-E0E6-4D88-AD88-CA25DD511F2A}.Release|Any CPU.Build.0 = Release|Any CPU
		{02AA569D-0AF0-4B20-9FB8-0D98829CB205}.Debug|Any CPU.ActiveCfg = Debug|Any CPU
		{02AA569D-0AF0-4B20-9FB8-0D98829CB205}.Debug|Any CPU.Build.0 = Debug|Any CPU
		{02AA569D-0AF0-4B20-9FB8-0D98829CB205}.Release|Any CPU.ActiveCfg = Release|Any CPU
		{02AA569D-0AF0-4B20-9FB8-0D98829CB205}.Release|Any CPU.Build.0 = Release|Any CPU
		{E428C589-5752-446D-BB65-063E0A584C44}.Debug|Any CPU.ActiveCfg = Debug|Any CPU
		{E428C589-5752-446D-BB65-063E0A584C44}.Debug|Any CPU.Build.0 = Debug|Any CPU
		{E428C589-5752-446D-BB65-063E0A584C44}.Release|Any CPU.ActiveCfg = Release|Any CPU
		{E428C589-5752-446D-BB65-063E0A584C44}.Release|Any CPU.Build.0 = Release|Any CPU
		{A618F026-1DBD-4408-BCAB-6CA7C1FF6F5B}.Debug|Any CPU.ActiveCfg = Debug|Any CPU
		{A618F026-1DBD-4408-BCAB-6CA7C1FF6F5B}.Debug|Any CPU.Build.0 = Debug|Any CPU
		{A618F026-1DBD-4408-BCAB-6CA7C1FF6F5B}.Release|Any CPU.ActiveCfg = Release|Any CPU
		{A618F026-1DBD-4408-BCAB-6CA7C1FF6F5B}.Release|Any CPU.Build.0 = Release|Any CPU
		{050B4249-7C36-4A54-BB66-F5193C3A4BE1}.Debug|Any CPU.ActiveCfg = Debug|Any CPU
		{050B4249-7C36-4A54-BB66-F5193C3A4BE1}.Debug|Any CPU.Build.0 = Debug|Any CPU
		{050B4249-7C36-4A54-BB66-F5193C3A4BE1}.Release|Any CPU.ActiveCfg = Release|Any CPU
		{050B4249-7C36-4A54-BB66-F5193C3A4BE1}.Release|Any CPU.Build.0 = Release|Any CPU
		{2DFE72BF-1601-439B-B341-70EE8D139DAD}.Debug|Any CPU.ActiveCfg = Debug|Any CPU
		{2DFE72BF-1601-439B-B341-70EE8D139DAD}.Debug|Any CPU.Build.0 = Debug|Any CPU
		{2DFE72BF-1601-439B-B341-70EE8D139DAD}.Release|Any CPU.ActiveCfg = Release|Any CPU
		{2DFE72BF-1601-439B-B341-70EE8D139DAD}.Release|Any CPU.Build.0 = Release|Any CPU
		{9BE3D464-CE40-44BB-9BED-30AF8DA4FC8C}.Debug|Any CPU.ActiveCfg = Debug|Any CPU
		{9BE3D464-CE40-44BB-9BED-30AF8DA4FC8C}.Debug|Any CPU.Build.0 = Debug|Any CPU
		{9BE3D464-CE40-44BB-9BED-30AF8DA4FC8C}.Release|Any CPU.ActiveCfg = Release|Any CPU
		{9BE3D464-CE40-44BB-9BED-30AF8DA4FC8C}.Release|Any CPU.Build.0 = Release|Any CPU
		{2F0E9CC7-61F7-46FF-99C0-230FAA5E449E}.Debug|Any CPU.ActiveCfg = Debug|Any CPU
		{2F0E9CC7-61F7-46FF-99C0-230FAA5E449E}.Debug|Any CPU.Build.0 = Debug|Any CPU
		{2F0E9CC7-61F7-46FF-99C0-230FAA5E449E}.Release|Any CPU.ActiveCfg = Release|Any CPU
		{2F0E9CC7-61F7-46FF-99C0-230FAA5E449E}.Release|Any CPU.Build.0 = Release|Any CPU
		{9B511AF4-DA2D-4735-8D18-4FDDAC5C6C14}.Debug|Any CPU.ActiveCfg = Debug|Any CPU
		{9B511AF4-DA2D-4735-8D18-4FDDAC5C6C14}.Debug|Any CPU.Build.0 = Debug|Any CPU
		{9B511AF4-DA2D-4735-8D18-4FDDAC5C6C14}.Release|Any CPU.ActiveCfg = Release|Any CPU
		{9B511AF4-DA2D-4735-8D18-4FDDAC5C6C14}.Release|Any CPU.Build.0 = Release|Any CPU
		{B8B53C79-4DBD-4DCD-BE15-20E6EE9B33A3}.Debug|Any CPU.ActiveCfg = Debug|Any CPU
		{B8B53C79-4DBD-4DCD-BE15-20E6EE9B33A3}.Debug|Any CPU.Build.0 = Debug|Any CPU
		{B8B53C79-4DBD-4DCD-BE15-20E6EE9B33A3}.Release|Any CPU.ActiveCfg = Release|Any CPU
		{B8B53C79-4DBD-4DCD-BE15-20E6EE9B33A3}.Release|Any CPU.Build.0 = Release|Any CPU
		{819C8978-5BF0-4EB1-BC1E-2F2FF64567A8}.Debug|Any CPU.ActiveCfg = Debug|Any CPU
		{819C8978-5BF0-4EB1-BC1E-2F2FF64567A8}.Debug|Any CPU.Build.0 = Debug|Any CPU
		{819C8978-5BF0-4EB1-BC1E-2F2FF64567A8}.Release|Any CPU.ActiveCfg = Release|Any CPU
		{819C8978-5BF0-4EB1-BC1E-2F2FF64567A8}.Release|Any CPU.Build.0 = Release|Any CPU
		{4D763EAA-0273-4431-9A5A-9875A9439734}.Debug|Any CPU.ActiveCfg = Debug|Any CPU
		{4D763EAA-0273-4431-9A5A-9875A9439734}.Debug|Any CPU.Build.0 = Debug|Any CPU
		{4D763EAA-0273-4431-9A5A-9875A9439734}.Release|Any CPU.ActiveCfg = Release|Any CPU
		{4D763EAA-0273-4431-9A5A-9875A9439734}.Release|Any CPU.Build.0 = Release|Any CPU
		{D906EDC4-AC72-4418-BD90-6605E6CBD418}.Debug|Any CPU.ActiveCfg = Debug|Any CPU
		{D906EDC4-AC72-4418-BD90-6605E6CBD418}.Debug|Any CPU.Build.0 = Debug|Any CPU
		{D906EDC4-AC72-4418-BD90-6605E6CBD418}.Release|Any CPU.ActiveCfg = Release|Any CPU
		{D906EDC4-AC72-4418-BD90-6605E6CBD418}.Release|Any CPU.Build.0 = Release|Any CPU
		{6B6A1EB2-A70B-4262-8F04-10950B818D46}.Debug|Any CPU.ActiveCfg = Debug|Any CPU
		{6B6A1EB2-A70B-4262-8F04-10950B818D46}.Debug|Any CPU.Build.0 = Debug|Any CPU
		{6B6A1EB2-A70B-4262-8F04-10950B818D46}.Release|Any CPU.ActiveCfg = Release|Any CPU
		{6B6A1EB2-A70B-4262-8F04-10950B818D46}.Release|Any CPU.Build.0 = Release|Any CPU
		{87438359-F774-44CE-A07B-27CB018459D4}.Debug|Any CPU.ActiveCfg = Debug|Any CPU
		{87438359-F774-44CE-A07B-27CB018459D4}.Debug|Any CPU.Build.0 = Debug|Any CPU
		{87438359-F774-44CE-A07B-27CB018459D4}.Release|Any CPU.ActiveCfg = Release|Any CPU
		{87438359-F774-44CE-A07B-27CB018459D4}.Release|Any CPU.Build.0 = Release|Any CPU
		{6DACB28F-3D85-490C-9178-7D4F7E0AAC17}.Debug|Any CPU.ActiveCfg = Debug|Any CPU
		{6DACB28F-3D85-490C-9178-7D4F7E0AAC17}.Debug|Any CPU.Build.0 = Debug|Any CPU
		{6DACB28F-3D85-490C-9178-7D4F7E0AAC17}.Release|Any CPU.ActiveCfg = Release|Any CPU
		{6DACB28F-3D85-490C-9178-7D4F7E0AAC17}.Release|Any CPU.Build.0 = Release|Any CPU
		{F76F8147-357A-41F3-BDE9-7A028DD8ED8E}.Debug|Any CPU.ActiveCfg = Debug|Any CPU
		{F76F8147-357A-41F3-BDE9-7A028DD8ED8E}.Debug|Any CPU.Build.0 = Debug|Any CPU
		{F76F8147-357A-41F3-BDE9-7A028DD8ED8E}.Release|Any CPU.ActiveCfg = Release|Any CPU
		{F76F8147-357A-41F3-BDE9-7A028DD8ED8E}.Release|Any CPU.Build.0 = Release|Any CPU
		{3FD35006-15B0-4922-A149-047E07DDA7FA}.Debug|Any CPU.ActiveCfg = Debug|Any CPU
		{3FD35006-15B0-4922-A149-047E07DDA7FA}.Debug|Any CPU.Build.0 = Debug|Any CPU
		{3FD35006-15B0-4922-A149-047E07DDA7FA}.Release|Any CPU.ActiveCfg = Release|Any CPU
		{3FD35006-15B0-4922-A149-047E07DDA7FA}.Release|Any CPU.Build.0 = Release|Any CPU
		{18C5F065-C876-4991-AF5A-77DFE44F94E1}.Debug|Any CPU.ActiveCfg = Debug|Any CPU
		{18C5F065-C876-4991-AF5A-77DFE44F94E1}.Debug|Any CPU.Build.0 = Debug|Any CPU
		{18C5F065-C876-4991-AF5A-77DFE44F94E1}.Release|Any CPU.ActiveCfg = Release|Any CPU
		{18C5F065-C876-4991-AF5A-77DFE44F94E1}.Release|Any CPU.Build.0 = Release|Any CPU
		{51B6C4A1-FBD3-4BD4-8AD5-3AAAC6D8498E}.Debug|Any CPU.ActiveCfg = Debug|Any CPU
		{51B6C4A1-FBD3-4BD4-8AD5-3AAAC6D8498E}.Debug|Any CPU.Build.0 = Debug|Any CPU
		{51B6C4A1-FBD3-4BD4-8AD5-3AAAC6D8498E}.Release|Any CPU.ActiveCfg = Release|Any CPU
		{51B6C4A1-FBD3-4BD4-8AD5-3AAAC6D8498E}.Release|Any CPU.Build.0 = Release|Any CPU
		{753D93B9-5FD5-468F-9665-44EE6B0081DD}.Debug|Any CPU.ActiveCfg = Debug|Any CPU
		{753D93B9-5FD5-468F-9665-44EE6B0081DD}.Debug|Any CPU.Build.0 = Debug|Any CPU
		{753D93B9-5FD5-468F-9665-44EE6B0081DD}.Release|Any CPU.ActiveCfg = Release|Any CPU
		{753D93B9-5FD5-468F-9665-44EE6B0081DD}.Release|Any CPU.Build.0 = Release|Any CPU
		{24EC58D8-7B17-4C64-A319-2E60A128DC5C}.Debug|Any CPU.ActiveCfg = Debug|Any CPU
		{24EC58D8-7B17-4C64-A319-2E60A128DC5C}.Debug|Any CPU.Build.0 = Debug|Any CPU
		{24EC58D8-7B17-4C64-A319-2E60A128DC5C}.Release|Any CPU.ActiveCfg = Release|Any CPU
		{24EC58D8-7B17-4C64-A319-2E60A128DC5C}.Release|Any CPU.Build.0 = Release|Any CPU
		{753C3597-9163-43D0-8A49-CB3C647B456F}.Debug|Any CPU.ActiveCfg = Debug|Any CPU
		{753C3597-9163-43D0-8A49-CB3C647B456F}.Debug|Any CPU.Build.0 = Debug|Any CPU
		{753C3597-9163-43D0-8A49-CB3C647B456F}.Release|Any CPU.ActiveCfg = Release|Any CPU
		{753C3597-9163-43D0-8A49-CB3C647B456F}.Release|Any CPU.Build.0 = Release|Any CPU
		{84296A98-C9D8-4252-964A-F228435266D7}.Debug|Any CPU.ActiveCfg = Debug|Any CPU
		{84296A98-C9D8-4252-964A-F228435266D7}.Debug|Any CPU.Build.0 = Debug|Any CPU
		{84296A98-C9D8-4252-964A-F228435266D7}.Release|Any CPU.ActiveCfg = Release|Any CPU
		{84296A98-C9D8-4252-964A-F228435266D7}.Release|Any CPU.Build.0 = Release|Any CPU
		{1B03B5A7-B602-421F-986B-098B9D839A76}.Debug|Any CPU.ActiveCfg = Debug|Any CPU
		{1B03B5A7-B602-421F-986B-098B9D839A76}.Debug|Any CPU.Build.0 = Debug|Any CPU
		{1B03B5A7-B602-421F-986B-098B9D839A76}.Release|Any CPU.ActiveCfg = Release|Any CPU
		{1B03B5A7-B602-421F-986B-098B9D839A76}.Release|Any CPU.Build.0 = Release|Any CPU
		{94A9FAB3-D476-45F7-833A-0B61355E20EA}.Debug|Any CPU.ActiveCfg = Debug|Any CPU
		{94A9FAB3-D476-45F7-833A-0B61355E20EA}.Debug|Any CPU.Build.0 = Debug|Any CPU
		{94A9FAB3-D476-45F7-833A-0B61355E20EA}.Release|Any CPU.ActiveCfg = Release|Any CPU
		{94A9FAB3-D476-45F7-833A-0B61355E20EA}.Release|Any CPU.Build.0 = Release|Any CPU
		{A723BA99-590B-4218-AFA6-24F5B9FF734D}.Debug|Any CPU.ActiveCfg = Debug|Any CPU
		{A723BA99-590B-4218-AFA6-24F5B9FF734D}.Debug|Any CPU.Build.0 = Debug|Any CPU
		{A723BA99-590B-4218-AFA6-24F5B9FF734D}.Release|Any CPU.ActiveCfg = Release|Any CPU
		{A723BA99-590B-4218-AFA6-24F5B9FF734D}.Release|Any CPU.Build.0 = Release|Any CPU
		{4920CA7D-A767-4E89-9628-98BB669A2FA0}.Debug|Any CPU.ActiveCfg = Debug|Any CPU
		{4920CA7D-A767-4E89-9628-98BB669A2FA0}.Debug|Any CPU.Build.0 = Debug|Any CPU
		{4920CA7D-A767-4E89-9628-98BB669A2FA0}.Release|Any CPU.ActiveCfg = Release|Any CPU
		{4920CA7D-A767-4E89-9628-98BB669A2FA0}.Release|Any CPU.Build.0 = Release|Any CPU
		{6E063EC3-1463-4FA3-B7BD-EBE0C5AAB0A5}.Debug|Any CPU.ActiveCfg = Debug|Any CPU
		{6E063EC3-1463-4FA3-B7BD-EBE0C5AAB0A5}.Debug|Any CPU.Build.0 = Debug|Any CPU
		{6E063EC3-1463-4FA3-B7BD-EBE0C5AAB0A5}.Release|Any CPU.ActiveCfg = Release|Any CPU
		{6E063EC3-1463-4FA3-B7BD-EBE0C5AAB0A5}.Release|Any CPU.Build.0 = Release|Any CPU
	EndGlobalSection
	GlobalSection(SolutionProperties) = preSolution
		HideSolutionNode = FALSE
	EndGlobalSection
	GlobalSection(ExtensibilityGlobals) = postSolution
		SolutionGuid = {4D133306-2744-4CE5-9319-8BE63F360059}
	EndGlobalSection
EndGlobal
